
Microsoft Visual Studio Solution File, Format Version 12.00
# Visual Studio Version 17
VisualStudioVersion = 17.5.33516.290
MinimumVisualStudioVersion = 10.0.40219.1
Project("{FAE04EC0-301F-11D3-BF4B-00C04F79EFBC}") = "İdareDeskstop", "İdareDeskstop\İdareDeskstop.csproj", "{FC18CAAB-02BF-4653-BC1E-DB6CD5EF4564}"
EndProject
Global
	GlobalSection(SolutionConfigurationPlatforms) = preSolution
		Debug|Any CPU = Debug|Any CPU
		Release|Any CPU = Release|Any CPU
	EndGlobalSection
	GlobalSection(ProjectConfigurationPlatforms) = postSolution
		{FC18CAAB-02BF-4653-BC1E-DB6CD5EF4564}.Debug|Any CPU.ActiveCfg = Debug|Any CPU
		{FC18CAAB-02BF-4653-BC1E-DB6CD5EF4564}.Debug|Any CPU.Build.0 = Debug|Any CPU
		{FC18CAAB-02BF-4653-BC1E-DB6CD5EF4564}.Release|Any CPU.ActiveCfg = Release|Any CPU
		{FC18CAAB-02BF-4653-BC1E-DB6CD5EF4564}.Release|Any CPU.Build.0 = Release|Any CPU
	EndGlobalSection
	GlobalSection(SolutionProperties) = preSolution
		HideSolutionNode = FALSE
	EndGlobalSection
	GlobalSection(ExtensibilityGlobals) = postSolution
		SolutionGuid = {1CFDA6B3-DFB9-46DC-B17D-E7ED63E80119}
	EndGlobalSection
EndGlobal
